
Microsoft Visual Studio Solution File, Format Version 12.00
# Visual Studio Version 17
VisualStudioVersion = 17.11.35303.130
MinimumVisualStudioVersion = 10.0.40219.1
Project("{2150E333-8FDC-42A3-9474-1A3956D46DE8}") = "Modules", "Modules", "{B753A49A-2525-4973-AFFA-BE52E4201F42}"
EndProject
Project("{2150E333-8FDC-42A3-9474-1A3956D46DE8}") = "Shared", "Shared", "{C492E4B4-3644-4171-AAC6-51A8A4F3E404}"
EndProject
Project("{2150E333-8FDC-42A3-9474-1A3956D46DE8}") = "POR_TP", "POR_TP", "{4A5C8FC2-C074-4BA4-9F98-5CE5C51A7EAB}"
EndProject
Project("{7B5BC53A-FB3E-40B5-AB3F-C168C66A8D55}") = "Common", "Shared\Common\Common.sysctpproj", "{CFE7C776-EA2F-454B-B2C5-A211F8EEC84E}"
EndProject
Project("{132AFE04-7EBF-410D-A99F-BE22E2E5698C}") = "Lot_Start", "Modules\Lot_Start\Lot_Start.sysmtpproj", "{0B03129A-9801-42B3-B79E-7F900BB10A83}"
EndProject
Project("{132AFE04-7EBF-410D-A99F-BE22E2E5698C}") = "Lot_End", "Modules\Lot_End\Lot_End.sysmtpproj", "{EC97D12C-73DE-4832-A8D3-4B6B38425046}"
EndProject
Project("{132AFE04-7EBF-410D-A99F-BE22E2E5698C}") = "Unit_Start", "Modules\Unit_Start\Unit_Start.sysmtpproj", "{CA3DBDC8-2EA4-477E-BDFC-F888324A7F5E}"
EndProject
Project("{132AFE04-7EBF-410D-A99F-BE22E2E5698C}") = "Unit_End", "Modules\Unit_End\Unit_End.sysmtpproj", "{13B67E09-7B13-4ED6-B101-592E39AD29CC}"
EndProject
Project("{132AFE04-7EBF-410D-A99F-BE22E2E5698C}") = "BootStageTransitions", "Modules\BootStageTransitions\BootStageTransitions.sysmtpproj", "{46D3AF1F-931C-4074-99ED-56C7B674BB79}"
EndProject
Project("{132AFE04-7EBF-410D-A99F-BE22E2E5698C}") = "EFI", "Modules\EFI\EFI.sysmtpproj", "{B7D7A0D3-062C-4E3A-98E9-C5684BAD71D6}"
EndProject
Project("{132AFE04-7EBF-410D-A99F-BE22E2E5698C}") = "PowerOffStage", "Modules\PowerOffStage\PowerOffStage.sysmtpproj", "{0F79EA09-44B8-408A-9ED5-DF4681EE242F}"
EndProject
Project("{132AFE04-7EBF-410D-A99F-BE22E2E5698C}") = "FuseOverride", "Modules\FuseOverride\FuseOverride.sysmtpproj", "{24C1079B-99A6-4D8A-8657-54E91E263DE6}"
EndProject
Project("{132AFE04-7EBF-410D-A99F-BE22E2E5698C}") = "FuseOverrideAfterEfi", "Modules\FuseOverrideAfterEfi\FuseOverrideAfterEfi.sysmtpproj", "{F524CD24-1DEA-449B-A48B-CE70F4C9F0E5}"
EndProject
Project("{132AFE04-7EBF-410D-A99F-BE22E2E5698C}") = "VoltageControl", "Modules\VoltageControl\VoltageControl.sysmtpproj", "{75616FC4-6E2B-40A6-8FF0-7C51189720EF}"
EndProject
Project("{132AFE04-7EBF-410D-A99F-BE22E2E5698C}") = "Intec", "Modules\Intec\Intec.sysmtpproj", "{CAE5C21F-124E-4281-A425-62BD166AFEE4}"
EndProject
Project("{132AFE04-7EBF-410D-A99F-BE22E2E5698C}") = "MCEModule", "Modules\MCEModule\MCEModule.sysmtpproj", "{4D4EF30C-C7F4-46C1-9239-84FA9CE7D643}"
EndProject
Project("{132AFE04-7EBF-410D-A99F-BE22E2E5698C}") = "PreFlightFlow", "Modules\PreFlightFlow\PreFlightFlow.sysmtpproj", "{4F21A95C-42BE-4936-8CE8-30A22DC637E2}"
EndProject
Project("{132AFE04-7EBF-410D-A99F-BE22E2E5698C}") = "ShmooCGEM", "Modules\ShmooCGEM\ShmooCGEM.sysmtpproj", "{0DCB496F-E51F-45E9-9BEB-72A9FE134A21}"
EndProject
Project("{132AFE04-7EBF-410D-A99F-BE22E2E5698C}") = "SearchCGEM", "Modules\SearchCGEM\SearchCGEM.sysmtpproj", "{AE264655-06C4-4987-B399-A97622BD42B8}"
EndProject
Project("{132AFE04-7EBF-410D-A99F-BE22E2E5698C}") = "FailureRecovery", "Modules\FailureRecovery\FailureRecovery.sysmtpproj", "{1B64C63D-A9A3-486F-B10C-6E830F296B3A}"
EndProject
Project("{6A0D2C6B-575A-428F-9259-B3AF74FC1B9E}") = "TestProgram", "POR_TP\TestProgram\TestProgram.systpproj", "{E6819678-4CB8-45FB-B8EE-2E016D80B3E4}"
EndProject
Project("{FAE04EC0-301F-11D3-BF4B-00C04F79EFBC}") = "AguilaPowertools", "Shared\AguilaPowertools\AguilaPowertools.csproj", "{2D5220B6-C3EA-4553-998A-3C546AB5D509}"
EndProject
Global
	GlobalSection(SolutionConfigurationPlatforms) = preSolution
		Debug|Any CPU = Debug|Any CPU
		Release|Any CPU = Release|Any CPU
	EndGlobalSection
	GlobalSection(ProjectConfigurationPlatforms) = postSolution
		{CFE7C776-EA2F-454B-B2C5-A211F8EEC84E}.Debug|Any CPU.ActiveCfg = Debug|Any CPU
		{CFE7C776-EA2F-454B-B2C5-A211F8EEC84E}.Debug|Any CPU.Build.0 = Debug|Any CPU
		{CFE7C776-EA2F-454B-B2C5-A211F8EEC84E}.Release|Any CPU.ActiveCfg = Release|Any CPU
		{CFE7C776-EA2F-454B-B2C5-A211F8EEC84E}.Release|Any CPU.Build.0 = Release|Any CPU
		{0B03129A-9801-42B3-B79E-7F900BB10A83}.Debug|Any CPU.ActiveCfg = Debug|Any CPU
		{0B03129A-9801-42B3-B79E-7F900BB10A83}.Debug|Any CPU.Build.0 = Debug|Any CPU
		{0B03129A-9801-42B3-B79E-7F900BB10A83}.Release|Any CPU.ActiveCfg = Release|Any CPU
		{0B03129A-9801-42B3-B79E-7F900BB10A83}.Release|Any CPU.Build.0 = Release|Any CPU
		{EC97D12C-73DE-4832-A8D3-4B6B38425046}.Debug|Any CPU.ActiveCfg = Debug|Any CPU
		{EC97D12C-73DE-4832-A8D3-4B6B38425046}.Debug|Any CPU.Build.0 = Debug|Any CPU
		{EC97D12C-73DE-4832-A8D3-4B6B38425046}.Release|Any CPU.ActiveCfg = Release|Any CPU
		{EC97D12C-73DE-4832-A8D3-4B6B38425046}.Release|Any CPU.Build.0 = Release|Any CPU
		{CA3DBDC8-2EA4-477E-BDFC-F888324A7F5E}.Debug|Any CPU.ActiveCfg = Debug|Any CPU
		{CA3DBDC8-2EA4-477E-BDFC-F888324A7F5E}.Debug|Any CPU.Build.0 = Debug|Any CPU
		{CA3DBDC8-2EA4-477E-BDFC-F888324A7F5E}.Release|Any CPU.ActiveCfg = Release|Any CPU
		{CA3DBDC8-2EA4-477E-BDFC-F888324A7F5E}.Release|Any CPU.Build.0 = Release|Any CPU
		{13B67E09-7B13-4ED6-B101-592E39AD29CC}.Debug|Any CPU.ActiveCfg = Debug|Any CPU
		{13B67E09-7B13-4ED6-B101-592E39AD29CC}.Debug|Any CPU.Build.0 = Debug|Any CPU
		{13B67E09-7B13-4ED6-B101-592E39AD29CC}.Release|Any CPU.ActiveCfg = Release|Any CPU
		{13B67E09-7B13-4ED6-B101-592E39AD29CC}.Release|Any CPU.Build.0 = Release|Any CPU
		{46D3AF1F-931C-4074-99ED-56C7B674BB79}.Debug|Any CPU.ActiveCfg = Debug|Any CPU
		{46D3AF1F-931C-4074-99ED-56C7B674BB79}.Debug|Any CPU.Build.0 = Debug|Any CPU
		{46D3AF1F-931C-4074-99ED-56C7B674BB79}.Release|Any CPU.ActiveCfg = Release|Any CPU
		{46D3AF1F-931C-4074-99ED-56C7B674BB79}.Release|Any CPU.Build.0 = Release|Any CPU
		{B7D7A0D3-062C-4E3A-98E9-C5684BAD71D6}.Debug|Any CPU.ActiveCfg = Debug|Any CPU
		{B7D7A0D3-062C-4E3A-98E9-C5684BAD71D6}.Debug|Any CPU.Build.0 = Debug|Any CPU
		{B7D7A0D3-062C-4E3A-98E9-C5684BAD71D6}.Release|Any CPU.ActiveCfg = Release|Any CPU
		{B7D7A0D3-062C-4E3A-98E9-C5684BAD71D6}.Release|Any CPU.Build.0 = Release|Any CPU
		{0F79EA09-44B8-408A-9ED5-DF4681EE242F}.Debug|Any CPU.ActiveCfg = Debug|Any CPU
		{0F79EA09-44B8-408A-9ED5-DF4681EE242F}.Debug|Any CPU.Build.0 = Debug|Any CPU
		{0F79EA09-44B8-408A-9ED5-DF4681EE242F}.Release|Any CPU.ActiveCfg = Release|Any CPU
		{0F79EA09-44B8-408A-9ED5-DF4681EE242F}.Release|Any CPU.Build.0 = Release|Any CPU
		{24C1079B-99A6-4D8A-8657-54E91E263DE6}.Debug|Any CPU.ActiveCfg = Debug|Any CPU
		{24C1079B-99A6-4D8A-8657-54E91E263DE6}.Debug|Any CPU.Build.0 = Debug|Any CPU
		{24C1079B-99A6-4D8A-8657-54E91E263DE6}.Release|Any CPU.ActiveCfg = Release|Any CPU
		{24C1079B-99A6-4D8A-8657-54E91E263DE6}.Release|Any CPU.Build.0 = Release|Any CPU
		{F524CD24-1DEA-449B-A48B-CE70F4C9F0E5}.Debug|Any CPU.ActiveCfg = Debug|Any CPU
		{F524CD24-1DEA-449B-A48B-CE70F4C9F0E5}.Debug|Any CPU.Build.0 = Debug|Any CPU
		{F524CD24-1DEA-449B-A48B-CE70F4C9F0E5}.Release|Any CPU.ActiveCfg = Release|Any CPU
		{F524CD24-1DEA-449B-A48B-CE70F4C9F0E5}.Release|Any CPU.Build.0 = Release|Any CPU
		{75616FC4-6E2B-40A6-8FF0-7C51189720EF}.Debug|Any CPU.ActiveCfg = Debug|Any CPU
		{75616FC4-6E2B-40A6-8FF0-7C51189720EF}.Debug|Any CPU.Build.0 = Debug|Any CPU
		{75616FC4-6E2B-40A6-8FF0-7C51189720EF}.Release|Any CPU.ActiveCfg = Release|Any CPU
		{75616FC4-6E2B-40A6-8FF0-7C51189720EF}.Release|Any CPU.Build.0 = Release|Any CPU
		{CAE5C21F-124E-4281-A425-62BD166AFEE4}.Debug|Any CPU.ActiveCfg = Debug|Any CPU
		{CAE5C21F-124E-4281-A425-62BD166AFEE4}.Debug|Any CPU.Build.0 = Debug|Any CPU
		{CAE5C21F-124E-4281-A425-62BD166AFEE4}.Release|Any CPU.ActiveCfg = Release|Any CPU
		{CAE5C21F-124E-4281-A425-62BD166AFEE4}.Release|Any CPU.Build.0 = Release|Any CPU
		{4D4EF30C-C7F4-46C1-9239-84FA9CE7D643}.Debug|Any CPU.ActiveCfg = Debug|Any CPU
		{4D4EF30C-C7F4-46C1-9239-84FA9CE7D643}.Debug|Any CPU.Build.0 = Debug|Any CPU
		{4D4EF30C-C7F4-46C1-9239-84FA9CE7D643}.Release|Any CPU.ActiveCfg = Release|Any CPU
		{4D4EF30C-C7F4-46C1-9239-84FA9CE7D643}.Release|Any CPU.Build.0 = Release|Any CPU
		{4F21A95C-42BE-4936-8CE8-30A22DC637E2}.Debug|Any CPU.ActiveCfg = Debug|Any CPU
		{4F21A95C-42BE-4936-8CE8-30A22DC637E2}.Debug|Any CPU.Build.0 = Debug|Any CPU
		{4F21A95C-42BE-4936-8CE8-30A22DC637E2}.Release|Any CPU.ActiveCfg = Release|Any CPU
		{4F21A95C-42BE-4936-8CE8-30A22DC637E2}.Release|Any CPU.Build.0 = Release|Any CPU
		{0DCB496F-E51F-45E9-9BEB-72A9FE134A21}.Debug|Any CPU.ActiveCfg = Debug|Any CPU
		{0DCB496F-E51F-45E9-9BEB-72A9FE134A21}.Debug|Any CPU.Build.0 = Debug|Any CPU
		{0DCB496F-E51F-45E9-9BEB-72A9FE134A21}.Release|Any CPU.ActiveCfg = Release|Any CPU
		{0DCB496F-E51F-45E9-9BEB-72A9FE134A21}.Release|Any CPU.Build.0 = Release|Any CPU
		{AE264655-06C4-4987-B399-A97622BD42B8}.Debug|Any CPU.ActiveCfg = Debug|Any CPU
		{AE264655-06C4-4987-B399-A97622BD42B8}.Debug|Any CPU.Build.0 = Debug|Any CPU
		{AE264655-06C4-4987-B399-A97622BD42B8}.Release|Any CPU.ActiveCfg = Release|Any CPU
		{AE264655-06C4-4987-B399-A97622BD42B8}.Release|Any CPU.Build.0 = Release|Any CPU
		{1B64C63D-A9A3-486F-B10C-6E830F296B3A}.Debug|Any CPU.ActiveCfg = Debug|Any CPU
		{1B64C63D-A9A3-486F-B10C-6E830F296B3A}.Debug|Any CPU.Build.0 = Debug|Any CPU
		{1B64C63D-A9A3-486F-B10C-6E830F296B3A}.Release|Any CPU.ActiveCfg = Release|Any CPU
		{1B64C63D-A9A3-486F-B10C-6E830F296B3A}.Release|Any CPU.Build.0 = Release|Any CPU
		{E6819678-4CB8-45FB-B8EE-2E016D80B3E4}.Debug|Any CPU.ActiveCfg = Debug|Any CPU
		{E6819678-4CB8-45FB-B8EE-2E016D80B3E4}.Debug|Any CPU.Build.0 = Debug|Any CPU
		{E6819678-4CB8-45FB-B8EE-2E016D80B3E4}.Release|Any CPU.ActiveCfg = Release|Any CPU
		{E6819678-4CB8-45FB-B8EE-2E016D80B3E4}.Release|Any CPU.Build.0 = Release|Any CPU
		{2D5220B6-C3EA-4553-998A-3C546AB5D509}.Debug|Any CPU.ActiveCfg = Debug|Any CPU
		{2D5220B6-C3EA-4553-998A-3C546AB5D509}.Debug|Any CPU.Build.0 = Debug|Any CPU
		{2D5220B6-C3EA-4553-998A-3C546AB5D509}.Release|Any CPU.ActiveCfg = Release|Any CPU
		{2D5220B6-C3EA-4553-998A-3C546AB5D509}.Release|Any CPU.Build.0 = Release|Any CPU
	EndGlobalSection
	GlobalSection(SolutionProperties) = preSolution
		HideSolutionNode = FALSE
	EndGlobalSection
	GlobalSection(NestedProjects) = preSolution
		{CFE7C776-EA2F-454B-B2C5-A211F8EEC84E} = {C492E4B4-3644-4171-AAC6-51A8A4F3E404}
		{0B03129A-9801-42B3-B79E-7F900BB10A83} = {B753A49A-2525-4973-AFFA-BE52E4201F42}
		{EC97D12C-73DE-4832-A8D3-4B6B38425046} = {B753A49A-2525-4973-AFFA-BE52E4201F42}
		{CA3DBDC8-2EA4-477E-BDFC-F888324A7F5E} = {B753A49A-2525-4973-AFFA-BE52E4201F42}
		{13B67E09-7B13-4ED6-B101-592E39AD29CC} = {B753A49A-2525-4973-AFFA-BE52E4201F42}
		{46D3AF1F-931C-4074-99ED-56C7B674BB79} = {B753A49A-2525-4973-AFFA-BE52E4201F42}
		{B7D7A0D3-062C-4E3A-98E9-C5684BAD71D6} = {B753A49A-2525-4973-AFFA-BE52E4201F42}
		{0F79EA09-44B8-408A-9ED5-DF4681EE242F} = {B753A49A-2525-4973-AFFA-BE52E4201F42}
		{24C1079B-99A6-4D8A-8657-54E91E263DE6} = {B753A49A-2525-4973-AFFA-BE52E4201F42}
		{F524CD24-1DEA-449B-A48B-CE70F4C9F0E5} = {B753A49A-2525-4973-AFFA-BE52E4201F42}
		{75616FC4-6E2B-40A6-8FF0-7C51189720EF} = {B753A49A-2525-4973-AFFA-BE52E4201F42}
		{CAE5C21F-124E-4281-A425-62BD166AFEE4} = {B753A49A-2525-4973-AFFA-BE52E4201F42}
		{4D4EF30C-C7F4-46C1-9239-84FA9CE7D643} = {B753A49A-2525-4973-AFFA-BE52E4201F42}
		{4F21A95C-42BE-4936-8CE8-30A22DC637E2} = {B753A49A-2525-4973-AFFA-BE52E4201F42}
		{0DCB496F-E51F-45E9-9BEB-72A9FE134A21} = {B753A49A-2525-4973-AFFA-BE52E4201F42}
		{AE264655-06C4-4987-B399-A97622BD42B8} = {B753A49A-2525-4973-AFFA-BE52E4201F42}
		{1B64C63D-A9A3-486F-B10C-6E830F296B3A} = {B753A49A-2525-4973-AFFA-BE52E4201F42}
		{E6819678-4CB8-45FB-B8EE-2E016D80B3E4} = {4A5C8FC2-C074-4BA4-9F98-5CE5C51A7EAB}
		{2D5220B6-C3EA-4553-998A-3C546AB5D509} = {C492E4B4-3644-4171-AAC6-51A8A4F3E404}
	EndGlobalSection
	GlobalSection(ExtensibilityGlobals) = postSolution
		SolutionGuid = {6DC7C8E3-5117-487A-98A9-040FC9029B33}
	EndGlobalSection
EndGlobal
